# This file is autogenerated, do not edit; changes may be undone by the next 'dep ensure'.


[[projects]]
  branch = "master"
  digest = "1:7d826e042ad0de97db48b4d73fda98c35ee414d2f6c99bd980cfc1a34c68b579"
  name = "github.com/mxk/go-imap"
  packages = ["imap"]
  pruneopts = "UT"
  revision = "531c36c3f12d6a03ea766b07a77314aa51ec17f3"

[solve-meta]
  analyzer-name = "dep"
  analyzer-version = 1
  input-imports = ["github.com/mxk/go-imap/imap"]
  solver-name = "gps-cdcl"
  solver-version = 1
